<?xml version="1.0" encoding="utf-8"?>
<Project xmlns="http://schemas.microsoft.com/developer/msbuild/2003">
  <ItemGroup>
    <Filter Include="Generated Files">
      <UniqueIdentifier>{71ED8ED8-ACB9-4CE9-BBE1-E00B30144E11}</UniqueIdentifier>
      <Extensions>cpp;c;cxx;moc;h;def;odl;idl;res;</Extensions>
    </Filter>
    <Filter Include="Generated Files">
      <UniqueIdentifier>{71ED8ED8-ACB9-4CE9-BBE1-E00B30144E11}</UniqueIdentifier>
      <Extensions>cpp;c;cxx;moc;h;def;odl;idl;res;</Extensions>
    </Filter>
    <Filter Include="Header Files">
      <UniqueIdentifier>{93995380-89BD-4b04-88EB-625FBE52EBFB}</UniqueIdentifier>
      <Extensions>h;hpp;hxx;hm;inl;inc;xsd</Extensions>
    </Filter>
    <Filter Include="Header Files">
      <UniqueIdentifier>{93995380-89BD-4b04-88EB-625FBE52EBFB}</UniqueIdentifier>
      <Extensions>h;hpp;hxx;hm;inl;inc;xsd</Extensions>
    </Filter>
    <Filter Include="Resource Files">
      <UniqueIdentifier>{D9D6E242-F8AF-46E4-B9FD-80ECBC20BA3E}</UniqueIdentifier>
      <Extensions>qrc;*</Extensions>
      <ParseFiles>false</ParseFiles>
    </Filter>
    <Filter Include="Resource Files">
      <UniqueIdentifier>{D9D6E242-F8AF-46E4-B9FD-80ECBC20BA3E}</UniqueIdentifier>
      <Extensions>qrc;*</Extensions>
      <ParseFiles>false</ParseFiles>
    </Filter>
    <Filter Include="Source Files">
      <UniqueIdentifier>{4FC737F1-C7A5-4376-A066-2A32D752A2FF}</UniqueIdentifier>
      <Extensions>cpp;c;cxx;def;odl;idl;hpj;bat;asm;asmx</Extensions>
    </Filter>
    <Filter Include="Source Files">
      <UniqueIdentifier>{4FC737F1-C7A5-4376-A066-2A32D752A2FF}</UniqueIdentifier>
      <Extensions>cpp;c;cxx;def;odl;idl;hpj;bat;asm;asmx</Extensions>
    </Filter>
    <Filter Include="Source Files\UCI">
      <UniqueIdentifier>{56518f2b-113a-4c05-a160-b8fe0de84f0b}</UniqueIdentifier>
    </Filter>
    <Filter Include="Source Files\Sqlite">
      <UniqueIdentifier>{77c99011-3cfe-499e-8b35-cce41dc623d7}</UniqueIdentifier>
    </Filter>
    <Filter Include="Source Files\board">
      <UniqueIdentifier>{dd64041d-a7cd-4d53-af70-beb8dc25e77c}</UniqueIdentifier>
    </Filter>
    <Filter Include="Source Files\engine">
      <UniqueIdentifier>{95c18e73-2172-4e1d-8a15-0db39a9d253f}</UniqueIdentifier>
    </Filter>
    <Filter Include="Source Files\PGN">
      <UniqueIdentifier>{928c39c7-ccf9-4107-9db9-0f590c88869d}</UniqueIdentifier>
    </Filter>
  </ItemGroup>
  <ItemGroup>
    <ClCompile Include="src\chessgame.cpp">
      <Filter>Source Files</Filter>
    </ClCompile>
    <ClCompile Include="src\chessplayer.cpp">
      <Filter>Source Files</Filter>
    </ClCompile>
    <ClCompile Include="src\econode.cpp">
      <Filter>Source Files</Filter>
    </ClCompile>
    <ClCompile Include="src\elo.cpp">
      <Filter>Source Files</Filter>
    </ClCompile>
    <ClCompile Include="src\epdrecord.cpp">
      <Filter>Source Files</Filter>
    </ClCompile>
    <ClCompile Include="src\gameadjudicator.cpp">
      <Filter>Source Files</Filter>
    </ClCompile>
    <ClCompile Include="src\gauntlettournament.cpp">
      <Filter>Source Files</Filter>
    </ClCompile>
    <ClCompile Include="src\humanbuilder.cpp">
      <Filter>Source Files</Filter>
    </ClCompile>
    <ClCompile Include="src\humanplayer.cpp">
      <Filter>Source Files</Filter>
    </ClCompile>
    <ClCompile Include="components\json\src\jsonparser.cpp">
      <Filter>Source Files</Filter>
    </ClCompile>
    <ClCompile Include="components\json\src\jsonserializer.cpp">
      <Filter>Source Files</Filter>
    </ClCompile>
    <ClCompile Include="src\knockouttournament.cpp">
      <Filter>Source Files</Filter>
    </ClCompile>
    <ClCompile Include="src\mersenne.cpp">
      <Filter>Source Files</Filter>
    </ClCompile>
    <ClCompile Include="src\moveevaluation.cpp">
      <Filter>Source Files</Filter>
    </ClCompile>
    <ClCompile Include="src\openingbook.cpp">
      <Filter>Source Files</Filter>
    </ClCompile>
    <ClCompile Include="src\openingsuite.cpp">
      <Filter>Source Files</Filter>
    </ClCompile>
    <ClCompile Include="src\pipereader_win.cpp">
      <Filter>Source Files</Filter>
    </ClCompile>
    <ClCompile Include="src\playerbuilder.cpp">
      <Filter>Source Files</Filter>
    </ClCompile>
    <ClCompile Include="src\polyglotbook.cpp">
      <Filter>Source Files</Filter>
    </ClCompile>
    <ClCompile Include="src\pyramidtournament.cpp">
      <Filter>Source Files</Filter>
    </ClCompile>
    <ClCompile Include="src\board\result.cpp">
      <Filter>Source Files</Filter>
    </ClCompile>
    <ClCompile Include="src\roundrobintournament.cpp">
      <Filter>Source Files</Filter>
    </ClCompile>
    <ClCompile Include="src\sprt.cpp">
      <Filter>Source Files</Filter>
    </ClCompile>
    <ClCompile Include="src\board\square.cpp">
      <Filter>Source Files</Filter>
    </ClCompile>
    <ClCompile Include="src\board\standardboard.cpp">
      <Filter>Source Files</Filter>
    </ClCompile>
    <ClCompile Include="src\board\syzygytablebase.cpp">
      <Filter>Source Files</Filter>
    </ClCompile>
    <ClCompile Include="3rdparty\fathom\src\tbprobe.c">
      <Filter>Source Files</Filter>
    </ClCompile>
    <ClCompile Include="src\timecontrol.cpp">
      <Filter>Source Files</Filter>
    </ClCompile>
    <ClCompile Include="src\tournament.cpp">
      <Filter>Source Files</Filter>
    </ClCompile>
    <ClCompile Include="src\tournamentfactory.cpp">
      <Filter>Source Files</Filter>
    </ClCompile>
    <ClCompile Include="src\tournamentpair.cpp">
      <Filter>Source Files</Filter>
    </ClCompile>
    <ClCompile Include="src\tournamentplayer.cpp">
      <Filter>Source Files</Filter>
    </ClCompile>
    <ClCompile Include="src\worker.cpp">
      <Filter>Source Files</Filter>
    </ClCompile>
    <ClCompile Include="src\uciengine.cpp">
      <Filter>Source Files\UCI</Filter>
    </ClCompile>
    <ClCompile Include="ConnectionPool.cpp">
      <Filter>Source Files\Sqlite</Filter>
    </ClCompile>
    <ClCompile Include="databasemanager.cpp">
      <Filter>Source Files\Sqlite</Filter>
    </ClCompile>
    <ClCompile Include="src\chessengine.cpp">
      <Filter>Source Files\UCI</Filter>
    </ClCompile>
    <ClCompile Include="src\board\westernboard.cpp">
      <Filter>Source Files\board</Filter>
    </ClCompile>
    <ClCompile Include="src\board\westernzobrist.cpp">
      <Filter>Source Files\board</Filter>
    </ClCompile>
    <ClCompile Include="src\board\zobrist.cpp">
      <Filter>Source Files\board</Filter>
    </ClCompile>
    <ClCompile Include="src\board\board.cpp">
      <Filter>Source Files\board</Filter>
    </ClCompile>
    <ClCompile Include="src\board\boardfactory.cpp">
      <Filter>Source Files\board</Filter>
    </ClCompile>
    <ClCompile Include="src\board\boardtransition.cpp">
      <Filter>Source Files\board</Filter>
    </ClCompile>
    <ClCompile Include="src\enginebuilder.cpp">
      <Filter>Source Files\engine</Filter>
    </ClCompile>
    <ClCompile Include="src\enginebuttonoption.cpp">
      <Filter>Source Files\engine</Filter>
    </ClCompile>
    <ClCompile Include="src\enginecheckoption.cpp">
      <Filter>Source Files\engine</Filter>
    </ClCompile>
    <ClCompile Include="src\enginecombooption.cpp">
      <Filter>Source Files\engine</Filter>
    </ClCompile>
    <ClCompile Include="src\engineconfiguration.cpp">
      <Filter>Source Files\engine</Filter>
    </ClCompile>
    <ClCompile Include="src\enginefactory.cpp">
      <Filter>Source Files\engine</Filter>
    </ClCompile>
    <ClCompile Include="src\enginemanager.cpp">
      <Filter>Source Files\engine</Filter>
    </ClCompile>
    <ClCompile Include="src\engineoption.cpp">
      <Filter>Source Files\engine</Filter>
    </ClCompile>
    <ClCompile Include="src\engineoptionfactory.cpp">
      <Filter>Source Files\engine</Filter>
    </ClCompile>
    <ClCompile Include="src\engineprocess_win.cpp">
      <Filter>Source Files\engine</Filter>
    </ClCompile>
    <ClCompile Include="src\enginespinoption.cpp">
      <Filter>Source Files\engine</Filter>
    </ClCompile>
    <ClCompile Include="src\enginetextoption.cpp">
      <Filter>Source Files\engine</Filter>
    </ClCompile>
    <ClCompile Include="src\board\side.cpp">
      <Filter>Source Files\board</Filter>
    </ClCompile>
    <ClCompile Include="src\pgngame.cpp">
      <Filter>Source Files\PGN</Filter>
    </ClCompile>
    <ClCompile Include="src\pgngameentry.cpp">
      <Filter>Source Files\PGN</Filter>
    </ClCompile>
    <ClCompile Include="src\pgngamefilter.cpp">
      <Filter>Source Files\PGN</Filter>
    </ClCompile>
    <ClCompile Include="src\pgnstream.cpp">
      <Filter>Source Files\PGN</Filter>
    </ClCompile>
    <ClCompile Include="src\board\genericmove.cpp">
      <Filter>Source Files\board</Filter>
    </ClCompile>
  </ItemGroup>
  <ItemGroup>
    <ClInclude Include="src\board\board.h">
      <Filter>Header Files</Filter>
    </ClInclude>
    <ClInclude Include="src\board\boardfactory.h">
      <Filter>Header Files</Filter>
    </ClInclude>
    <ClInclude Include="src\board\boardtransition.h">
      <Filter>Header Files</Filter>
    </ClInclude>
    <QtMoc Include="src\chessengine.h">
      <Filter>Header Files</Filter>
    </QtMoc>
    <QtMoc Include="src\chessgame.h">
      <Filter>Header Files</Filter>
    </QtMoc>
    <ClInclude Include="src\board\chessgiboard.h">
      <Filter>Header Files</Filter>
    </ClInclude>
    <QtMoc Include="src\chessplayer.h">
      <Filter>Header Files</Filter>
    </QtMoc>
    <ClInclude Include="src\classregistry.h">
      <Filter>Header Files</Filter>
    </ClInclude>
    <ClInclude Include="src\econode.h">
      <Filter>Header Files</Filter>
    </ClInclude>
    <ClInclude Include="src\elo.h">
      <Filter>Header Files</Filter>
    </ClInclude>
    <ClInclude Include="src\board\embassyboard.h">
      <Filter>Header Files</Filter>
    </ClInclude>
    <ClInclude Include="src\enginebuilder.h">
      <Filter>Header Files</Filter>
    </ClInclude>
    <ClInclude Include="src\enginebuttonoption.h">
      <Filter>Header Files</Filter>
    </ClInclude>
    <ClInclude Include="src\enginecheckoption.h">
      <Filter>Header Files</Filter>
    </ClInclude>
    <ClInclude Include="src\enginecombooption.h">
      <Filter>Header Files</Filter>
    </ClInclude>
    <ClInclude Include="src\engineconfiguration.h">
      <Filter>Header Files</Filter>
    </ClInclude>
    <ClInclude Include="src\enginefactory.h">
      <Filter>Header Files</Filter>
    </ClInclude>
    <QtMoc Include="src\enginemanager.h">
      <Filter>Header Files</Filter>
    </QtMoc>
    <ClInclude Include="src\engineoption.h">
      <Filter>Header Files</Filter>
    </ClInclude>
    <ClInclude Include="src\engineoptionfactory.h">
      <Filter>Header Files</Filter>
    </ClInclude>
    <QtMoc Include="src\engineprocess_win.h">
      <Filter>Header Files</Filter>
    </QtMoc>
    <ClInclude Include="src\enginespinoption.h">
      <Filter>Header Files</Filter>
    </ClInclude>
    <ClInclude Include="src\enginetextoption.h">
      <Filter>Header Files</Filter>
    </ClInclude>
    <ClInclude Include="src\epdrecord.h">
      <Filter>Header Files</Filter>
    </ClInclude>
    <ClInclude Include="src\board\frcboard.h">
      <Filter>Header Files</Filter>
    </ClInclude>
    <ClInclude Include="src\gameadjudicator.h">
      <Filter>Header Files</Filter>
    </ClInclude>
    <QtMoc Include="src\gamemanager.h">
      <Filter>Header Files</Filter>
    </QtMoc>
    <QtMoc Include="src\gauntlettournament.h">
      <Filter>Header Files</Filter>
    </QtMoc>
    <ClInclude Include="src\board\genericmove.h">
      <Filter>Header Files</Filter>
    </ClInclude>
    <ClInclude Include="src\humanbuilder.h">
      <Filter>Header Files</Filter>
    </ClInclude>
    <QtMoc Include="src\humanplayer.h">
      <Filter>Header Files</Filter>
    </QtMoc>
    <ClInclude Include="components\json\src\jsonparser.h">
      <Filter>Header Files</Filter>
    </ClInclude>
    <ClInclude Include="components\json\src\jsonserializer.h">
      <Filter>Header Files</Filter>
    </ClInclude>
    <ClInclude Include="src\board\kingofthehillboard.h">
      <Filter>Header Files</Filter>
    </ClInclude>
    <QtMoc Include="src\knockouttournament.h">
      <Filter>Header Files</Filter>
    </QtMoc>
    <ClInclude Include="src\mersenne.h">
      <Filter>Header Files</Filter>
    </ClInclude>
    <ClInclude Include="src\board\move.h">
      <Filter>Header Files</Filter>
    </ClInclude>
    <ClInclude Include="src\moveevaluation.h">
      <Filter>Header Files</Filter>
    </ClInclude>
    <ClInclude Include="src\openingbook.h">
      <Filter>Header Files</Filter>
    </ClInclude>
    <ClInclude Include="src\openingsuite.h">
      <Filter>Header Files</Filter>
    </ClInclude>
    <ClInclude Include="src\pgngame.h">
      <Filter>Header Files</Filter>
    </ClInclude>
    <ClInclude Include="src\pgngameentry.h">
      <Filter>Header Files</Filter>
    </ClInclude>
    <ClInclude Include="src\pgngamefilter.h">
      <Filter>Header Files</Filter>
    </ClInclude>
    <ClInclude Include="src\pgnstream.h">
      <Filter>Header Files</Filter>
    </ClInclude>
    <ClInclude Include="src\board\piece.h">
      <Filter>Header Files</Filter>
    </ClInclude>
    <QtMoc Include="src\pipereader_win.h">
      <Filter>Header Files</Filter>
    </QtMoc>
    <ClInclude Include="src\playerbuilder.h">
      <Filter>Header Files</Filter>
    </ClInclude>
    <ClInclude Include="src\polyglotbook.h">
      <Filter>Header Files</Filter>
    </ClInclude>
    <QtMoc Include="src\pyramidtournament.h">
      <Filter>Header Files</Filter>
    </QtMoc>
    <ClInclude Include="src\board\racingkingsboard.h">
      <Filter>Header Files</Filter>
    </ClInclude>
    <ClInclude Include="src\board\restrictedmoveboard.h">
      <Filter>Header Files</Filter>
    </ClInclude>
    <ClInclude Include="src\board\result.h">
      <Filter>Header Files</Filter>
    </ClInclude>
    <QtMoc Include="src\roundrobintournament.h">
      <Filter>Header Files</Filter>
    </QtMoc>
    <ClInclude Include="src\board\side.h">
      <Filter>Header Files</Filter>
    </ClInclude>
    <ClInclude Include="src\sprt.h">
      <Filter>Header Files</Filter>
    </ClInclude>
    <ClInclude Include="src\board\square.h">
      <Filter>Header Files</Filter>
    </ClInclude>
    <ClInclude Include="src\board\standardboard.h">
      <Filter>Header Files</Filter>
    </ClInclude>
    <ClInclude Include="src\board\syzygytablebase.h">
      <Filter>Header Files</Filter>
    </ClInclude>
    <ClInclude Include="3rdparty\fathom\src\tbconfig.h">
      <Filter>Header Files</Filter>
    </ClInclude>
    <ClInclude Include="3rdparty\fathom\src\tbcore.h">
      <Filter>Header Files</Filter>
    </ClInclude>
    <ClInclude Include="3rdparty\fathom\src\tbprobe.h">
      <Filter>Header Files</Filter>
    </ClInclude>
    <ClInclude Include="src\timecontrol.h">
      <Filter>Header Files</Filter>
    </ClInclude>
    <QtMoc Include="src\tournament.h">
      <Filter>Header Files</Filter>
    </QtMoc>
    <ClInclude Include="src\tournamentfactory.h">
      <Filter>Header Files</Filter>
    </ClInclude>
    <ClInclude Include="src\tournamentpair.h">
      <Filter>Header Files</Filter>
    </ClInclude>
    <ClInclude Include="src\tournamentplayer.h">
      <Filter>Header Files</Filter>
    </ClInclude>
    <ClInclude Include="src\board\twokingseachboard.h">
      <Filter>Header Files</Filter>
    </ClInclude>
    <QtMoc Include="src\uciengine.h">
      <Filter>Header Files</Filter>
    </QtMoc>
    <ClInclude Include="src\board\westernboard.h">
      <Filter>Header Files</Filter>
    </ClInclude>
    <ClInclude Include="src\board\westernzobrist.h">
      <Filter>Header Files</Filter>
    </ClInclude>
    <QtMoc Include="src\worker.h">
      <Filter>Header Files</Filter>
    </QtMoc>
    <ClInclude Include="src\board\zobrist.h">
      <Filter>Header Files</Filter>
    </ClInclude>
    <ClInclude Include="ConnectionPool.h">
      <Filter>Source Files\Sqlite</Filter>
    </ClInclude>
    <ClInclude Include="databasemanager.h">
      <Filter>Source Files\Sqlite</Filter>
    </ClInclude>
  </ItemGroup>
  <ItemGroup>
    <CustomBuild Include=".moc\moc_predefs.h.cbt">
      <Filter>Generated Files</Filter>
    </CustomBuild>
  </ItemGroup>
  <ItemGroup>
    <None Include="res\eco\eco.bin">
      <Filter>Resource Files</Filter>
    </None>
    <QtRcc Include="res\eco\eco.qrc">
      <Filter>Resource Files</Filter>
    </QtRcc>
  </ItemGroup>
  <ItemGroup>
    <QtMoc Include="src\gamemanager.cpp">
      <Filter>Source Files</Filter>
    </QtMoc>
  </ItemGroup>
</Project>